
Microsoft Visual Studio Solution File, Format Version 12.00
# Visual Studio Version 17
VisualStudioVersion = 17.7.34031.279
MinimumVisualStudioVersion = 10.0.40219.1
Project("{FAE04EC0-301F-11D3-BF4B-00C04F79EFBC}") = "console_classes_testing", "console_classes_testing\console_classes_testing.csproj", "{39FF2F93-CB7F-4B5D-8DDB-246AD62D658B}"
EndProject
Global
	GlobalSection(SolutionConfigurationPlatforms) = preSolution
		Debug|Any CPU = Debug|Any CPU
		Release|Any CPU = Release|Any CPU
	EndGlobalSection
	GlobalSection(ProjectConfigurationPlatforms) = postSolution
		{39FF2F93-CB7F-4B5D-8DDB-246AD62D658B}.Debug|Any CPU.ActiveCfg = Debug|Any CPU
		{39FF2F93-CB7F-4B5D-8DDB-246AD62D658B}.Debug|Any CPU.Build.0 = Debug|Any CPU
		{39FF2F93-CB7F-4B5D-8DDB-246AD62D658B}.Release|Any CPU.ActiveCfg = Release|Any CPU
		{39FF2F93-CB7F-4B5D-8DDB-246AD62D658B}.Release|Any CPU.Build.0 = Release|Any CPU
	EndGlobalSection
	GlobalSection(SolutionProperties) = preSolution
		HideSolutionNode = FALSE
	EndGlobalSection
	GlobalSection(ExtensibilityGlobals) = postSolution
		SolutionGuid = {2678BD09-AB5F-41A0-AC3D-19420525B090}
	EndGlobalSection
EndGlobal
